
Microsoft Visual Studio Solution File, Format Version 12.00
# Visual Studio Version 16
VisualStudioVersion = 16.0.33529.622
MinimumVisualStudioVersion = 10.0.40219.1
Project("{FAE04EC0-301F-11D3-BF4B-00C04F79EFBC}") = "EasyPay", "EasyPay\EasyPay.csproj", "{D5E752B0-83CD-41E8-9875-34DD07FF3C5C}"
EndProject
Project("{FAE04EC0-301F-11D3-BF4B-00C04F79EFBC}") = "EasyPayCliente", "EasyPayCliente\EasyPayCliente.csproj", "{A03EC5B6-ECCD-4A8B-9F3E-458B2BBE9A28}"
	ProjectSection(ProjectDependencies) = postProject
		{D5E752B0-83CD-41E8-9875-34DD07FF3C5C} = {D5E752B0-83CD-41E8-9875-34DD07FF3C5C}
	EndProjectSection
EndProject
Global
	GlobalSection(SolutionConfigurationPlatforms) = preSolution
		Debug|Any CPU = Debug|Any CPU
		Release|Any CPU = Release|Any CPU
	EndGlobalSection
	GlobalSection(ProjectConfigurationPlatforms) = postSolution
		{D5E752B0-83CD-41E8-9875-34DD07FF3C5C}.Debug|Any CPU.ActiveCfg = Debug|Any CPU
		{D5E752B0-83CD-41E8-9875-34DD07FF3C5C}.Debug|Any CPU.Build.0 = Debug|Any CPU
		{D5E752B0-83CD-41E8-9875-34DD07FF3C5C}.Release|Any CPU.ActiveCfg = Release|Any CPU
		{D5E752B0-83CD-41E8-9875-34DD07FF3C5C}.Release|Any CPU.Build.0 = Release|Any CPU
		{A03EC5B6-ECCD-4A8B-9F3E-458B2BBE9A28}.Debug|Any CPU.ActiveCfg = Debug|Any CPU
		{A03EC5B6-ECCD-4A8B-9F3E-458B2BBE9A28}.Debug|Any CPU.Build.0 = Debug|Any CPU
		{A03EC5B6-ECCD-4A8B-9F3E-458B2BBE9A28}.Release|Any CPU.ActiveCfg = Release|Any CPU
		{A03EC5B6-ECCD-4A8B-9F3E-458B2BBE9A28}.Release|Any CPU.Build.0 = Release|Any CPU
	EndGlobalSection
	GlobalSection(SolutionProperties) = preSolution
		HideSolutionNode = FALSE
	EndGlobalSection
	GlobalSection(ExtensibilityGlobals) = postSolution
		SolutionGuid = {B8FB61AC-68AC-4DC4-8BDC-288AD80775AC}
	EndGlobalSection
EndGlobal
